
Microsoft Visual Studio Solution File, Format Version 12.00
# Visual Studio Version 16
VisualStudioVersion = 16.0.29905.134
MinimumVisualStudioVersion = 10.0.40219.1
Project("{FAE04EC0-301F-11D3-BF4B-00C04F79EFBC}") = "WildCircus_WebService", "WildCircus_WebService\WildCircus_WebService.csproj", "{A00612FA-415D-409A-A5E2-31BFD3B5A4BF}"
EndProject
Global
	GlobalSection(SolutionConfigurationPlatforms) = preSolution
		Debug|Any CPU = Debug|Any CPU
		Release|Any CPU = Release|Any CPU
	EndGlobalSection
	GlobalSection(ProjectConfigurationPlatforms) = postSolution
		{A00612FA-415D-409A-A5E2-31BFD3B5A4BF}.Debug|Any CPU.ActiveCfg = Debug|Any CPU
		{A00612FA-415D-409A-A5E2-31BFD3B5A4BF}.Debug|Any CPU.Build.0 = Debug|Any CPU
		{A00612FA-415D-409A-A5E2-31BFD3B5A4BF}.Release|Any CPU.ActiveCfg = Release|Any CPU
		{A00612FA-415D-409A-A5E2-31BFD3B5A4BF}.Release|Any CPU.Build.0 = Release|Any CPU
	EndGlobalSection
	GlobalSection(SolutionProperties) = preSolution
		HideSolutionNode = FALSE
	EndGlobalSection
	GlobalSection(ExtensibilityGlobals) = postSolution
		SolutionGuid = {F8DBB85B-0CDA-4BCE-AD5D-15EF69F5DD9F}
	EndGlobalSection
EndGlobal
